
Microsoft Visual Studio Solution File, Format Version 11.00
# Visual Studio 2010
Project("{FAE04EC0-301F-11D3-BF4B-00C04F79EFBC}") = "ConstantHeadshotsZ", "ConstantHeadshotsZ\ConstantHeadshotsZ\ConstantHeadshotsZ.csproj", "{88DEC41F-B2E8-4BB2-91C3-BEB8DDC946E4}"
EndProject
Project("{FAE04EC0-301F-11D3-BF4B-00C04F79EFBC}") = "ConstantHeadshotsZContent", "ConstantHeadshotsZ\ConstantHeadshotsZContent\ConstantHeadshotsZContent.contentproj", "{C9FA65EA-417C-4F2B-829D-7F73B195973B}"
EndProject
Project("{FAE04EC0-301F-11D3-BF4B-00C04F79EFBC}") = "LevelBuilder", "LevelBuilder\LevelBuilder.csproj", "{54D5E6B0-E2F8-4852-9682-951EA48151FE}"
EndProject
Project("{FAE04EC0-301F-11D3-BF4B-00C04F79EFBC}") = "LevelEditor", "LevelEditor\LevelEditor.csproj", "{DADBB597-E385-4E29-B8AD-E2F9EFF7D0ED}"
EndProject
Project("{FAE04EC0-301F-11D3-BF4B-00C04F79EFBC}") = "ConstantHeadshotsZ_XBOX", "ConstantHeadshotsZ\ConstantHeadshotsZ\ConstantHeadshotsZ_XBOX.csproj", "{E344E8AF-1D75-4092-87CD-69179082D260}"
EndProject
Project("{FAE04EC0-301F-11D3-BF4B-00C04F79EFBC}") = "LevelBuilder_XBOX", "LevelBuilder\LevelBuilder_XBOX.csproj", "{7CA0BD3F-B5AE-4F7A-8668-89CC03DEA496}"
EndProject
Global
	GlobalSection(SolutionConfigurationPlatforms) = preSolution
		Debug|Mixed Platforms = Debug|Mixed Platforms
		Debug|x86 = Debug|x86
		Debug|Xbox 360 = Debug|Xbox 360
		Release|Mixed Platforms = Release|Mixed Platforms
		Release|x86 = Release|x86
		Release|Xbox 360 = Release|Xbox 360
	EndGlobalSection
	GlobalSection(ProjectConfigurationPlatforms) = postSolution
		{88DEC41F-B2E8-4BB2-91C3-BEB8DDC946E4}.Debug|Mixed Platforms.ActiveCfg = Debug|x86
		{88DEC41F-B2E8-4BB2-91C3-BEB8DDC946E4}.Debug|Mixed Platforms.Build.0 = Debug|x86
		{88DEC41F-B2E8-4BB2-91C3-BEB8DDC946E4}.Debug|x86.ActiveCfg = Debug|x86
		{88DEC41F-B2E8-4BB2-91C3-BEB8DDC946E4}.Debug|x86.Build.0 = Debug|x86
		{88DEC41F-B2E8-4BB2-91C3-BEB8DDC946E4}.Debug|Xbox 360.ActiveCfg = Debug|x86
		{88DEC41F-B2E8-4BB2-91C3-BEB8DDC946E4}.Debug|Xbox 360.Build.0 = Debug|x86
		{88DEC41F-B2E8-4BB2-91C3-BEB8DDC946E4}.Release|Mixed Platforms.ActiveCfg = Release|x86
		{88DEC41F-B2E8-4BB2-91C3-BEB8DDC946E4}.Release|Mixed Platforms.Build.0 = Release|x86
		{88DEC41F-B2E8-4BB2-91C3-BEB8DDC946E4}.Release|x86.ActiveCfg = Release|x86
		{88DEC41F-B2E8-4BB2-91C3-BEB8DDC946E4}.Release|x86.Build.0 = Release|x86
		{88DEC41F-B2E8-4BB2-91C3-BEB8DDC946E4}.Release|Xbox 360.ActiveCfg = Release|x86
		{88DEC41F-B2E8-4BB2-91C3-BEB8DDC946E4}.Release|Xbox 360.Build.0 = Release|x86
		{C9FA65EA-417C-4F2B-829D-7F73B195973B}.Debug|Mixed Platforms.ActiveCfg = Debug|x86
		{C9FA65EA-417C-4F2B-829D-7F73B195973B}.Debug|x86.ActiveCfg = Debug|x86
		{C9FA65EA-417C-4F2B-829D-7F73B195973B}.Debug|Xbox 360.ActiveCfg = Debug|x86
		{C9FA65EA-417C-4F2B-829D-7F73B195973B}.Release|Mixed Platforms.ActiveCfg = Release|x86
		{C9FA65EA-417C-4F2B-829D-7F73B195973B}.Release|x86.ActiveCfg = Release|x86
		{C9FA65EA-417C-4F2B-829D-7F73B195973B}.Release|Xbox 360.ActiveCfg = Release|x86
		{54D5E6B0-E2F8-4852-9682-951EA48151FE}.Debug|Mixed Platforms.ActiveCfg = Debug|x86
		{54D5E6B0-E2F8-4852-9682-951EA48151FE}.Debug|Mixed Platforms.Build.0 = Debug|x86
		{54D5E6B0-E2F8-4852-9682-951EA48151FE}.Debug|x86.ActiveCfg = Debug|x86
		{54D5E6B0-E2F8-4852-9682-951EA48151FE}.Debug|x86.Build.0 = Debug|x86
		{54D5E6B0-E2F8-4852-9682-951EA48151FE}.Debug|Xbox 360.ActiveCfg = Debug|x86
		{54D5E6B0-E2F8-4852-9682-951EA48151FE}.Release|Mixed Platforms.ActiveCfg = Release|x86
		{54D5E6B0-E2F8-4852-9682-951EA48151FE}.Release|Mixed Platforms.Build.0 = Release|x86
		{54D5E6B0-E2F8-4852-9682-951EA48151FE}.Release|x86.ActiveCfg = Release|x86
		{54D5E6B0-E2F8-4852-9682-951EA48151FE}.Release|x86.Build.0 = Release|x86
		{54D5E6B0-E2F8-4852-9682-951EA48151FE}.Release|Xbox 360.ActiveCfg = Release|x86
		{DADBB597-E385-4E29-B8AD-E2F9EFF7D0ED}.Debug|Mixed Platforms.ActiveCfg = Debug|x86
		{DADBB597-E385-4E29-B8AD-E2F9EFF7D0ED}.Debug|Mixed Platforms.Build.0 = Debug|x86
		{DADBB597-E385-4E29-B8AD-E2F9EFF7D0ED}.Debug|x86.ActiveCfg = Debug|x86
		{DADBB597-E385-4E29-B8AD-E2F9EFF7D0ED}.Debug|x86.Build.0 = Debug|x86
		{DADBB597-E385-4E29-B8AD-E2F9EFF7D0ED}.Debug|Xbox 360.ActiveCfg = Debug|x86
		{DADBB597-E385-4E29-B8AD-E2F9EFF7D0ED}.Release|Mixed Platforms.ActiveCfg = Release|x86
		{DADBB597-E385-4E29-B8AD-E2F9EFF7D0ED}.Release|Mixed Platforms.Build.0 = Release|x86
		{DADBB597-E385-4E29-B8AD-E2F9EFF7D0ED}.Release|x86.ActiveCfg = Release|x86
		{DADBB597-E385-4E29-B8AD-E2F9EFF7D0ED}.Release|x86.Build.0 = Release|x86
		{DADBB597-E385-4E29-B8AD-E2F9EFF7D0ED}.Release|Xbox 360.ActiveCfg = Release|x86
		{E344E8AF-1D75-4092-87CD-69179082D260}.Debug|Mixed Platforms.ActiveCfg = Debug|Xbox 360
		{E344E8AF-1D75-4092-87CD-69179082D260}.Debug|Mixed Platforms.Build.0 = Debug|Xbox 360
		{E344E8AF-1D75-4092-87CD-69179082D260}.Debug|Mixed Platforms.Deploy.0 = Debug|Xbox 360
		{E344E8AF-1D75-4092-87CD-69179082D260}.Debug|x86.ActiveCfg = Debug|Xbox 360
		{E344E8AF-1D75-4092-87CD-69179082D260}.Debug|Xbox 360.ActiveCfg = Debug|Xbox 360
		{E344E8AF-1D75-4092-87CD-69179082D260}.Debug|Xbox 360.Build.0 = Debug|Xbox 360
		{E344E8AF-1D75-4092-87CD-69179082D260}.Debug|Xbox 360.Deploy.0 = Debug|Xbox 360
		{E344E8AF-1D75-4092-87CD-69179082D260}.Release|Mixed Platforms.ActiveCfg = Release|Xbox 360
		{E344E8AF-1D75-4092-87CD-69179082D260}.Release|Mixed Platforms.Build.0 = Release|Xbox 360
		{E344E8AF-1D75-4092-87CD-69179082D260}.Release|Mixed Platforms.Deploy.0 = Release|Xbox 360
		{E344E8AF-1D75-4092-87CD-69179082D260}.Release|x86.ActiveCfg = Release|Xbox 360
		{E344E8AF-1D75-4092-87CD-69179082D260}.Release|Xbox 360.ActiveCfg = Release|Xbox 360
		{E344E8AF-1D75-4092-87CD-69179082D260}.Release|Xbox 360.Build.0 = Release|Xbox 360
		{E344E8AF-1D75-4092-87CD-69179082D260}.Release|Xbox 360.Deploy.0 = Release|Xbox 360
		{7CA0BD3F-B5AE-4F7A-8668-89CC03DEA496}.Debug|Mixed Platforms.ActiveCfg = Debug|Xbox 360
		{7CA0BD3F-B5AE-4F7A-8668-89CC03DEA496}.Debug|Mixed Platforms.Build.0 = Debug|Xbox 360
		{7CA0BD3F-B5AE-4F7A-8668-89CC03DEA496}.Debug|x86.ActiveCfg = Debug|Xbox 360
		{7CA0BD3F-B5AE-4F7A-8668-89CC03DEA496}.Debug|Xbox 360.ActiveCfg = Debug|Xbox 360
		{7CA0BD3F-B5AE-4F7A-8668-89CC03DEA496}.Debug|Xbox 360.Build.0 = Debug|Xbox 360
		{7CA0BD3F-B5AE-4F7A-8668-89CC03DEA496}.Release|Mixed Platforms.ActiveCfg = Release|Xbox 360
		{7CA0BD3F-B5AE-4F7A-8668-89CC03DEA496}.Release|Mixed Platforms.Build.0 = Release|Xbox 360
		{7CA0BD3F-B5AE-4F7A-8668-89CC03DEA496}.Release|x86.ActiveCfg = Release|Xbox 360
		{7CA0BD3F-B5AE-4F7A-8668-89CC03DEA496}.Release|Xbox 360.ActiveCfg = Release|Xbox 360
		{7CA0BD3F-B5AE-4F7A-8668-89CC03DEA496}.Release|Xbox 360.Build.0 = Release|Xbox 360
	EndGlobalSection
	GlobalSection(SolutionProperties) = preSolution
		HideSolutionNode = FALSE
	EndGlobalSection
EndGlobal
